
Microsoft Visual Studio Solution File, Format Version 12.00
# Visual Studio Version 16
VisualStudioVersion = 16.0.29519.87
MinimumVisualStudioVersion = 10.0.40219.1
Project("{FAE04EC0-301F-11D3-BF4B-00C04F79EFBC}") = "ExcelWebAddIn_DEMO", "ExcelWebAddIn_DEMO.csproj", "{2520DA0F-2DA1-41CB-B5B1-0614B8D26B35}"
EndProject
Project("{9A19103F-16F7-4668-BE54-9A1E7A4F7556}") = "MyExcelDemoMVC", "..\MyExcelDemoMVC\MyExcelDemoMVC.csproj", "{5DDE61A7-CAAF-4DEC-81D1-FD1A20DBD672}"
EndProject
Global
	GlobalSection(SolutionConfigurationPlatforms) = preSolution
		Debug|Any CPU = Debug|Any CPU
		Release|Any CPU = Release|Any CPU
	EndGlobalSection
	GlobalSection(ProjectConfigurationPlatforms) = postSolution
		{2520DA0F-2DA1-41CB-B5B1-0614B8D26B35}.Debug|Any CPU.ActiveCfg = Debug|Any CPU
		{2520DA0F-2DA1-41CB-B5B1-0614B8D26B35}.Debug|Any CPU.Build.0 = Debug|Any CPU
		{2520DA0F-2DA1-41CB-B5B1-0614B8D26B35}.Debug|Any CPU.Deploy.0 = Debug|Any CPU
		{2520DA0F-2DA1-41CB-B5B1-0614B8D26B35}.Release|Any CPU.ActiveCfg = Release|Any CPU
		{2520DA0F-2DA1-41CB-B5B1-0614B8D26B35}.Release|Any CPU.Build.0 = Release|Any CPU
		{2520DA0F-2DA1-41CB-B5B1-0614B8D26B35}.Release|Any CPU.Deploy.0 = Release|Any CPU
		{5DDE61A7-CAAF-4DEC-81D1-FD1A20DBD672}.Debug|Any CPU.ActiveCfg = Debug|Any CPU
		{5DDE61A7-CAAF-4DEC-81D1-FD1A20DBD672}.Debug|Any CPU.Build.0 = Debug|Any CPU
		{5DDE61A7-CAAF-4DEC-81D1-FD1A20DBD672}.Release|Any CPU.ActiveCfg = Release|Any CPU
		{5DDE61A7-CAAF-4DEC-81D1-FD1A20DBD672}.Release|Any CPU.Build.0 = Release|Any CPU
	EndGlobalSection
	GlobalSection(SolutionProperties) = preSolution
		HideSolutionNode = FALSE
	EndGlobalSection
	GlobalSection(ExtensibilityGlobals) = postSolution
		SolutionGuid = {6E5F5975-F474-4390-93FE-685788D9D42D}
	EndGlobalSection
EndGlobal
